
Microsoft Visual Studio Solution File, Format Version 12.00
# Visual Studio Version 17
VisualStudioVersion = 17.14.36518.9 d17.14
MinimumVisualStudioVersion = 10.0.40219.1
Project("{8BC9CEB8-8B4A-11D0-8D11-00A0C91BC942}") = "usbDetectorLayer", "usbDetectorLayer\usbDetectorLayer.vcxproj", "{2966A27D-298E-4E8A-B5B3-DC68E3758150}"
EndProject
Global
	GlobalSection(SolutionConfigurationPlatforms) = preSolution
		Debug|x64 = Debug|x64
		Debug|x86 = Debug|x86
		Release|x64 = Release|x64
		Release|x86 = Release|x86
	EndGlobalSection
	GlobalSection(ProjectConfigurationPlatforms) = postSolution
		{2966A27D-298E-4E8A-B5B3-DC68E3758150}.Debug|x64.ActiveCfg = Debug|x64
		{2966A27D-298E-4E8A-B5B3-DC68E3758150}.Debug|x64.Build.0 = Debug|x64
		{2966A27D-298E-4E8A-B5B3-DC68E3758150}.Debug|x86.ActiveCfg = Debug|Win32
		{2966A27D-298E-4E8A-B5B3-DC68E3758150}.Debug|x86.Build.0 = Debug|Win32
		{2966A27D-298E-4E8A-B5B3-DC68E3758150}.Release|x64.ActiveCfg = Release|x64
		{2966A27D-298E-4E8A-B5B3-DC68E3758150}.Release|x64.Build.0 = Release|x64
		{2966A27D-298E-4E8A-B5B3-DC68E3758150}.Release|x86.ActiveCfg = Release|Win32
		{2966A27D-298E-4E8A-B5B3-DC68E3758150}.Release|x86.Build.0 = Release|Win32
	EndGlobalSection
	GlobalSection(SolutionProperties) = preSolution
		HideSolutionNode = FALSE
	EndGlobalSection
	GlobalSection(ExtensibilityGlobals) = postSolution
		SolutionGuid = {43D07924-C76C-4D8D-9609-D16AFBFEE752}
	EndGlobalSection
EndGlobal
